
Microsoft Visual Studio Solution File, Format Version 12.00
# Visual Studio Version 16
VisualStudioVersion = 16.0.32002.261
MinimumVisualStudioVersion = 10.0.40219.1
Project("{FAE04EC0-301F-11D3-BF4B-00C04F79EFBC}") = "Evaluate Reverse Polish Notation", "Evaluate Reverse Polish Notation\Evaluate Reverse Polish Notation.csproj", "{FFCAF064-C7F3-4F5F-8EEA-6D49202D46AA}"
EndProject
Global
	GlobalSection(SolutionConfigurationPlatforms) = preSolution
		Debug|Any CPU = Debug|Any CPU
		Release|Any CPU = Release|Any CPU
	EndGlobalSection
	GlobalSection(ProjectConfigurationPlatforms) = postSolution
		{FFCAF064-C7F3-4F5F-8EEA-6D49202D46AA}.Debug|Any CPU.ActiveCfg = Debug|Any CPU
		{FFCAF064-C7F3-4F5F-8EEA-6D49202D46AA}.Debug|Any CPU.Build.0 = Debug|Any CPU
		{FFCAF064-C7F3-4F5F-8EEA-6D49202D46AA}.Release|Any CPU.ActiveCfg = Release|Any CPU
		{FFCAF064-C7F3-4F5F-8EEA-6D49202D46AA}.Release|Any CPU.Build.0 = Release|Any CPU
	EndGlobalSection
	GlobalSection(SolutionProperties) = preSolution
		HideSolutionNode = FALSE
	EndGlobalSection
	GlobalSection(ExtensibilityGlobals) = postSolution
		SolutionGuid = {1CD6FF3E-073E-4339-9A79-A6981AF8F550}
	EndGlobalSection
EndGlobal
